// !$*UTF8*$!
{
	archiveVersion = 1;
	classes = {
	};
	objectVersion = 50;
	objects = {

/* Begin PBXBuildFile section */
		0424B2012240917A0040BD12 /* SHServiceTools.swift in Sources */ = {isa = PBXBuildFile; fileRef = 0424B2002240917A0040BD12 /* SHServiceTools.swift */; };
		04265F4722436F3C00A56EDE /* SHCallDeviceSettingViewController.swift in Sources */ = {isa = PBXBuildFile; fileRef = 04265F4522436F3C00A56EDE /* SHCallDeviceSettingViewController.swift */; };
		04265F4822436F3C00A56EDE /* SHCallDeviceSettingViewController.xib in Resources */ = {isa = PBXBuildFile; fileRef = 04265F4622436F3C00A56EDE /* SHCallDeviceSettingViewController.xib */; };
		04265F4A224374C600A56EDE /* SHSQLiteManager + CallDevice.swift in Sources */ = {isa = PBXBuildFile; fileRef = 04265F49224374C600A56EDE /* SHSQLiteManager + CallDevice.swift */; };
		04265F5722438D6800A56EDE /* UIView+frame.m in Sources */ = {isa = PBXBuildFile; fileRef = 04265F5522438D6800A56EDE /* UIView+frame.m */; };
		04265F5922438E8200A56EDE /* SHTAlertView.swift in Sources */ = {isa = PBXBuildFile; fileRef = 04265F5822438E8200A56EDE /* SHTAlertView.swift */; };
		0428CCD8223F4B62008378A3 /* SHServiceType.swift in Sources */ = {isa = PBXBuildFile; fileRef = 0428CCD7223F4B62008378A3 /* SHServiceType.swift */; };
		0428CD4A223F86FA008378A3 /* SHSettingViewController.swift in Sources */ = {isa = PBXBuildFile; fileRef = 0428CD48223F86FA008378A3 /* SHSettingViewController.swift */; };
		0428CD4B223F86FA008378A3 /* SHSettingViewController.storyboard in Resources */ = {isa = PBXBuildFile; fileRef = 0428CD49223F86FA008378A3 /* SHSettingViewController.storyboard */; };
		0428CD56223F87B5008378A3 /* SHDeviceManagerCell.swift in Sources */ = {isa = PBXBuildFile; fileRef = 0428CD54223F87B5008378A3 /* SHDeviceManagerCell.swift */; };
		0428CD57223F87B5008378A3 /* SHDeviceManagerCell.xib in Resources */ = {isa = PBXBuildFile; fileRef = 0428CD55223F87B5008378A3 /* SHDeviceManagerCell.xib */; };
		0428CD59223F89B7008378A3 /* SHDevice.swift in Sources */ = {isa = PBXBuildFile; fileRef = 0428CD58223F89B7008378A3 /* SHDevice.swift */; };
		0428CD60223F8CAA008378A3 /* SHAboutViewController.swift in Sources */ = {isa = PBXBuildFile; fileRef = 0428CD5E223F8CAA008378A3 /* SHAboutViewController.swift */; };
		0428CD61223F8CAA008378A3 /* SHAboutViewController.xib in Resources */ = {isa = PBXBuildFile; fileRef = 0428CD5F223F8CAA008378A3 /* SHAboutViewController.xib */; };
		044567D222545605001B47EE /* SHSickRoomCollectionCell.swift in Sources */ = {isa = PBXBuildFile; fileRef = 044567D022545605001B47EE /* SHSickRoomCollectionCell.swift */; };
		044567D322545605001B47EE /* SHSickRoomCollectionCell.xib in Resources */ = {isa = PBXBuildFile; fileRef = 044567D122545605001B47EE /* SHSickRoomCollectionCell.xib */; };
		044567D6225458B5001B47EE /* SHSickRoom.swift in Sources */ = {isa = PBXBuildFile; fileRef = 044567D5225458B5001B47EE /* SHSickRoom.swift */; };
		04A4F0F4223B3E2D004E740D /* SHSQLiteManager.swift in Sources */ = {isa = PBXBuildFile; fileRef = 04A4F0E8223B3E2D004E740D /* SHSQLiteManager.swift */; };
		04A4F0F5223B3E2D004E740D /* Common.swift in Sources */ = {isa = PBXBuildFile; fileRef = 04A4F0EB223B3E2D004E740D /* Common.swift */; };
		04A4F0F6223B3E2D004E740D /* SHSocketTools + cache.swift in Sources */ = {isa = PBXBuildFile; fileRef = 04A4F0EE223B3E2D004E740D /* SHSocketTools + cache.swift */; };
		04A4F0F7223B3E2D004E740D /* SHSocketTools + send.swift in Sources */ = {isa = PBXBuildFile; fileRef = 04A4F0EF223B3E2D004E740D /* SHSocketTools + send.swift */; };
		04A4F0F8223B3E2D004E740D /* SHSocketTools + receive.swift in Sources */ = {isa = PBXBuildFile; fileRef = 04A4F0F0223B3E2D004E740D /* SHSocketTools + receive.swift */; };
		04A4F0F9223B3E2D004E740D /* SHSocketTools.swift in Sources */ = {isa = PBXBuildFile; fileRef = 04A4F0F1223B3E2D004E740D /* SHSocketTools.swift */; };
		04A4F0FA223B3E2D004E740D /* SHSocketData.swift in Sources */ = {isa = PBXBuildFile; fileRef = 04A4F0F2223B3E2D004E740D /* SHSocketData.swift */; };
		04A4F0FB223B3E2D004E740D /* SHSocketTools + crc.swift in Sources */ = {isa = PBXBuildFile; fileRef = 04A4F0F3223B3E2D004E740D /* SHSocketTools + crc.swift */; };
		04A4F100223B3E63004E740D /* PrintLog.swift in Sources */ = {isa = PBXBuildFile; fileRef = 04A4F0FC223B3E63004E740D /* PrintLog.swift */; };
		04A4F101223B3E63004E740D /* Bundle + Extension.swift in Sources */ = {isa = PBXBuildFile; fileRef = 04A4F0FD223B3E63004E740D /* Bundle + Extension.swift */; };
		04A4F102223B3E63004E740D /* UIColor + Extension.swift in Sources */ = {isa = PBXBuildFile; fileRef = 04A4F0FE223B3E63004E740D /* UIColor + Extension.swift */; };
		04A4F105223B3EA0004E740D /* SQL.sql in Resources */ = {isa = PBXBuildFile; fileRef = 04A4F104223B3EA0004E740D /* SQL.sql */; };
		04A4F111223B4064004E740D /* UIDevice+DeviceType.m in Sources */ = {isa = PBXBuildFile; fileRef = 04A4F10C223B4063004E740D /* UIDevice+DeviceType.m */; };
		04A4F112223B4064004E740D /* UIDevice+IPAddresses.m in Sources */ = {isa = PBXBuildFile; fileRef = 04A4F10F223B4064004E740D /* UIDevice+IPAddresses.m */; };
		04A4F116223B4080004E740D /* FileTools.m in Sources */ = {isa = PBXBuildFile; fileRef = 04A4F114223B4080004E740D /* FileTools.m */; };
		04A4F130223B4748004E740D /* SHViewController.swift in Sources */ = {isa = PBXBuildFile; fileRef = 04A4F12D223B4747004E740D /* SHViewController.swift */; };
		04A4F131223B4748004E740D /* SHNavigationController.swift in Sources */ = {isa = PBXBuildFile; fileRef = 04A4F12E223B4747004E740D /* SHNavigationController.swift */; };
		04A4F132223B4748004E740D /* SHMainViewController.swift in Sources */ = {isa = PBXBuildFile; fileRef = 04A4F12F223B4747004E740D /* SHMainViewController.swift */; };
		04A4F134223B4763004E740D /* SHNurseStationViewController.swift in Sources */ = {isa = PBXBuildFile; fileRef = 04A4F133223B4763004E740D /* SHNurseStationViewController.swift */; };
		04A4F13A223B4791004E740D /* SHUrgentViewController.swift in Sources */ = {isa = PBXBuildFile; fileRef = 04A4F139223B4791004E740D /* SHUrgentViewController.swift */; };
		04A4F13C223B59A9004E740D /* Colors.swift in Sources */ = {isa = PBXBuildFile; fileRef = 04A4F13B223B59A9004E740D /* Colors.swift */; };
		04A4F144223B841E004E740D /* UIButton+init.m in Sources */ = {isa = PBXBuildFile; fileRef = 04A4F140223B841E004E740D /* UIButton+init.m */; };
		04A4F145223B841E004E740D /* UIBarButtonItem+init.m in Sources */ = {isa = PBXBuildFile; fileRef = 04A4F143223B841E004E740D /* UIBarButtonItem+init.m */; };
		04A4F14A223B862C004E740D /* SHLoginViewController.swift in Sources */ = {isa = PBXBuildFile; fileRef = 04A4F148223B862C004E740D /* SHLoginViewController.swift */; };
		04A4F14B223B862C004E740D /* SHLoginViewController.xib in Resources */ = {isa = PBXBuildFile; fileRef = 04A4F149223B862C004E740D /* SHLoginViewController.xib */; };
		04BFCA2B223B36F90039461D /* AppDelegate.swift in Sources */ = {isa = PBXBuildFile; fileRef = 04BFCA2A223B36F90039461D /* AppDelegate.swift */; };
		04BFCA32223B36FA0039461D /* Assets.xcassets in Resources */ = {isa = PBXBuildFile; fileRef = 04BFCA31223B36FA0039461D /* Assets.xcassets */; };
		04BFCA35223B36FA0039461D /* LaunchScreen.storyboard in Resources */ = {isa = PBXBuildFile; fileRef = 04BFCA33223B36FA0039461D /* LaunchScreen.storyboard */; };
		04BFCA40223B36FB0039461D /* NurseCallTests.swift in Sources */ = {isa = PBXBuildFile; fileRef = 04BFCA3F223B36FB0039461D /* NurseCallTests.swift */; };
		04BFCA4B223B36FB0039461D /* NurseCallUITests.swift in Sources */ = {isa = PBXBuildFile; fileRef = 04BFCA4A223B36FB0039461D /* NurseCallUITests.swift */; };
		04D6D5C1224DF20A000BF0F4 /* SHSickRoomViewController.swift in Sources */ = {isa = PBXBuildFile; fileRef = 04D6D5BF224DF20A000BF0F4 /* SHSickRoomViewController.swift */; };
		04D6D5C2224DF20A000BF0F4 /* SHSickRoomViewController.xib in Resources */ = {isa = PBXBuildFile; fileRef = 04D6D5C0224DF20A000BF0F4 /* SHSickRoomViewController.xib */; };
		FB2BD6E93D299A03D3CD94E2 /* Pods_NurseCall.framework in Frameworks */ = {isa = PBXBuildFile; fileRef = 2EC9BB3D8DE42F0F4C5449F5 /* Pods_NurseCall.framework */; };
/* End PBXBuildFile section */

/* Begin PBXContainerItemProxy section */
		04BFCA3C223B36FB0039461D /* PBXContainerItemProxy */ = {
			isa = PBXContainerItemProxy;
			containerPortal = 04BFCA1F223B36F90039461D /* Project object */;
			proxyType = 1;
			remoteGlobalIDString = 04BFCA26223B36F90039461D;
			remoteInfo = NurseCall;
		};
		04BFCA47223B36FB0039461D /* PBXContainerItemProxy */ = {
			isa = PBXContainerItemProxy;
			containerPortal = 04BFCA1F223B36F90039461D /* Project object */;
			proxyType = 1;
			remoteGlobalIDString = 04BFCA26223B36F90039461D;
			remoteInfo = NurseCall;
		};
/* End PBXContainerItemProxy section */

/* Begin PBXFileReference section */
		0424B2002240917A0040BD12 /* SHServiceTools.swift */ = {isa = PBXFileReference; lastKnownFileType = sourcecode.swift; path = SHServiceTools.swift; sourceTree = "<group>"; };
		04265F4522436F3C00A56EDE /* SHCallDeviceSettingViewController.swift */ = {isa = PBXFileReference; lastKnownFileType = sourcecode.swift; path = SHCallDeviceSettingViewController.swift; sourceTree = "<group>"; };
		04265F4622436F3C00A56EDE /* SHCallDeviceSettingViewController.xib */ = {isa = PBXFileReference; lastKnownFileType = file.xib; path = SHCallDeviceSettingViewController.xib; sourceTree = "<group>"; };
		04265F49224374C600A56EDE /* SHSQLiteManager + CallDevice.swift */ = {isa = PBXFileReference; lastKnownFileType = sourcecode.swift; path = "SHSQLiteManager + CallDevice.swift"; sourceTree = "<group>"; };
		04265F5522438D6800A56EDE /* UIView+frame.m */ = {isa = PBXFileReference; fileEncoding = 4; lastKnownFileType = sourcecode.c.objc; path = "UIView+frame.m"; sourceTree = "<group>"; };
		04265F5622438D6800A56EDE /* UIView+frame.h */ = {isa = PBXFileReference; fileEncoding = 4; lastKnownFileType = sourcecode.c.h; path = "UIView+frame.h"; sourceTree = "<group>"; };
		04265F5822438E8200A56EDE /* SHTAlertView.swift */ = {isa = PBXFileReference; lastKnownFileType = sourcecode.swift; path = SHTAlertView.swift; sourceTree = "<group>"; };
		0428CCD7223F4B62008378A3 /* SHServiceType.swift */ = {isa = PBXFileReference; lastKnownFileType = sourcecode.swift; path = SHServiceType.swift; sourceTree = "<group>"; };
		0428CD48223F86FA008378A3 /* SHSettingViewController.swift */ = {isa = PBXFileReference; fileEncoding = 4; lastKnownFileType = sourcecode.swift; path = SHSettingViewController.swift; sourceTree = "<group>"; };
		0428CD49223F86FA008378A3 /* SHSettingViewController.storyboard */ = {isa = PBXFileReference; fileEncoding = 4; lastKnownFileType = file.storyboard; path = SHSettingViewController.storyboard; sourceTree = "<group>"; };
		0428CD54223F87B5008378A3 /* SHDeviceManagerCell.swift */ = {isa = PBXFileReference; lastKnownFileType = sourcecode.swift; path = SHDeviceManagerCell.swift; sourceTree = "<group>"; };
		0428CD55223F87B5008378A3 /* SHDeviceManagerCell.xib */ = {isa = PBXFileReference; lastKnownFileType = file.xib; path = SHDeviceManagerCell.xib; sourceTree = "<group>"; };
		0428CD58223F89B7008378A3 /* SHDevice.swift */ = {isa = PBXFileReference; lastKnownFileType = sourcecode.swift; path = SHDevice.swift; sourceTree = "<group>"; };
		0428CD5E223F8CAA008378A3 /* SHAboutViewController.swift */ = {isa = PBXFileReference; lastKnownFileType = sourcecode.swift; path = SHAboutViewController.swift; sourceTree = "<group>"; };
		0428CD5F223F8CAA008378A3 /* SHAboutViewController.xib */ = {isa = PBXFileReference; lastKnownFileType = file.xib; path = SHAboutViewController.xib; sourceTree = "<group>"; };
		044567D022545605001B47EE /* SHSickRoomCollectionCell.swift */ = {isa = PBXFileReference; lastKnownFileType = sourcecode.swift; path = SHSickRoomCollectionCell.swift; sourceTree = "<group>"; };
		044567D122545605001B47EE /* SHSickRoomCollectionCell.xib */ = {isa = PBXFileReference; lastKnownFileType = file.xib; path = SHSickRoomCollectionCell.xib; sourceTree = "<group>"; };
		044567D5225458B5001B47EE /* SHSickRoom.swift */ = {isa = PBXFileReference; lastKnownFileType = sourcecode.swift; path = SHSickRoom.swift; sourceTree = "<group>"; };
		04A4F0E8223B3E2D004E740D /* SHSQLiteManager.swift */ = {isa = PBXFileReference; fileEncoding = 4; lastKnownFileType = sourcecode.swift; path = SHSQLiteManager.swift; sourceTree = "<group>"; };
		04A4F0EB223B3E2D004E740D /* Common.swift */ = {isa = PBXFileReference; fileEncoding = 4; lastKnownFileType = sourcecode.swift; path = Common.swift; sourceTree = "<group>"; };
		04A4F0EE223B3E2D004E740D /* SHSocketTools + cache.swift */ = {isa = PBXFileReference; fileEncoding = 4; lastKnownFileType = sourcecode.swift; path = "SHSocketTools + cache.swift"; sourceTree = "<group>"; };
		04A4F0EF223B3E2D004E740D /* SHSocketTools + send.swift */ = {isa = PBXFileReference; fileEncoding = 4; lastKnownFileType = sourcecode.swift; path = "SHSocketTools + send.swift"; sourceTree = "<group>"; };
		04A4F0F0223B3E2D004E740D /* SHSocketTools + receive.swift */ = {isa = PBXFileReference; fileEncoding = 4; lastKnownFileType = sourcecode.swift; path = "SHSocketTools + receive.swift"; sourceTree = "<group>"; };
		04A4F0F1223B3E2D004E740D /* SHSocketTools.swift */ = {isa = PBXFileReference; fileEncoding = 4; lastKnownFileType = sourcecode.swift; path = SHSocketTools.swift; sourceTree = "<group>"; };
		04A4F0F2223B3E2D004E740D /* SHSocketData.swift */ = {isa = PBXFileReference; fileEncoding = 4; lastKnownFileType = sourcecode.swift; path = SHSocketData.swift; sourceTree = "<group>"; };
		04A4F0F3223B3E2D004E740D /* SHSocketTools + crc.swift */ = {isa = PBXFileReference; fileEncoding = 4; lastKnownFileType = sourcecode.swift; path = "SHSocketTools + crc.swift"; sourceTree = "<group>"; };
		04A4F0FC223B3E63004E740D /* PrintLog.swift */ = {isa = PBXFileReference; fileEncoding = 4; lastKnownFileType = sourcecode.swift; path = PrintLog.swift; sourceTree = "<group>"; };
		04A4F0FD223B3E63004E740D /* Bundle + Extension.swift */ = {isa = PBXFileReference; fileEncoding = 4; lastKnownFileType = sourcecode.swift; path = "Bundle + Extension.swift"; sourceTree = "<group>"; };
		04A4F0FE223B3E63004E740D /* UIColor + Extension.swift */ = {isa = PBXFileReference; fileEncoding = 4; lastKnownFileType = sourcecode.swift; path = "UIColor + Extension.swift"; sourceTree = "<group>"; };
		04A4F104223B3EA0004E740D /* SQL.sql */ = {isa = PBXFileReference; lastKnownFileType = text; path = SQL.sql; sourceTree = "<group>"; };
		04A4F10C223B4063004E740D /* UIDevice+DeviceType.m */ = {isa = PBXFileReference; fileEncoding = 4; lastKnownFileType = sourcecode.c.objc; path = "UIDevice+DeviceType.m"; sourceTree = "<group>"; };
		04A4F10D223B4063004E740D /* UIDevice+DeviceType.h */ = {isa = PBXFileReference; fileEncoding = 4; lastKnownFileType = sourcecode.c.h; path = "UIDevice+DeviceType.h"; sourceTree = "<group>"; };
		04A4F10F223B4064004E740D /* UIDevice+IPAddresses.m */ = {isa = PBXFileReference; fileEncoding = 4; lastKnownFileType = sourcecode.c.objc; path = "UIDevice+IPAddresses.m"; sourceTree = "<group>"; };
		04A4F110223B4064004E740D /* UIDevice+IPAddresses.h */ = {isa = PBXFileReference; fileEncoding = 4; lastKnownFileType = sourcecode.c.h; path = "UIDevice+IPAddresses.h"; sourceTree = "<group>"; };
		04A4F114223B4080004E740D /* FileTools.m */ = {isa = PBXFileReference; fileEncoding = 4; lastKnownFileType = sourcecode.c.objc; path = FileTools.m; sourceTree = "<group>"; };
		04A4F115223B4080004E740D /* FileTools.h */ = {isa = PBXFileReference; fileEncoding = 4; lastKnownFileType = sourcecode.c.h; path = FileTools.h; sourceTree = "<group>"; };
		04A4F117223B410A004E740D /* NurseCall.h */ = {isa = PBXFileReference; lastKnownFileType = sourcecode.c.h; path = NurseCall.h; sourceTree = "<group>"; };
		04A4F12D223B4747004E740D /* SHViewController.swift */ = {isa = PBXFileReference; fileEncoding = 4; lastKnownFileType = sourcecode.swift; path = SHViewController.swift; sourceTree = "<group>"; };
		04A4F12E223B4747004E740D /* SHNavigationController.swift */ = {isa = PBXFileReference; fileEncoding = 4; lastKnownFileType = sourcecode.swift; path = SHNavigationController.swift; sourceTree = "<group>"; };
		04A4F12F223B4747004E740D /* SHMainViewController.swift */ = {isa = PBXFileReference; fileEncoding = 4; lastKnownFileType = sourcecode.swift; path = SHMainViewController.swift; sourceTree = "<group>"; };
		04A4F133223B4763004E740D /* SHNurseStationViewController.swift */ = {isa = PBXFileReference; lastKnownFileType = sourcecode.swift; path = SHNurseStationViewController.swift; sourceTree = "<group>"; };
		04A4F139223B4791004E740D /* SHUrgentViewController.swift */ = {isa = PBXFileReference; lastKnownFileType = sourcecode.swift; path = SHUrgentViewController.swift; sourceTree = "<group>"; };
		04A4F13B223B59A9004E740D /* Colors.swift */ = {isa = PBXFileReference; lastKnownFileType = sourcecode.swift; path = Colors.swift; sourceTree = "<group>"; };
		04A4F140223B841E004E740D /* UIButton+init.m */ = {isa = PBXFileReference; fileEncoding = 4; lastKnownFileType = sourcecode.c.objc; path = "UIButton+init.m"; sourceTree = "<group>"; };
		04A4F141223B841E004E740D /* UIBarButtonItem+init.h */ = {isa = PBXFileReference; fileEncoding = 4; lastKnownFileType = sourcecode.c.h; path = "UIBarButtonItem+init.h"; sourceTree = "<group>"; };
		04A4F142223B841E004E740D /* UIButton+init.h */ = {isa = PBXFileReference; fileEncoding = 4; lastKnownFileType = sourcecode.c.h; path = "UIButton+init.h"; sourceTree = "<group>"; };
		04A4F143223B841E004E740D /* UIBarButtonItem+init.m */ = {isa = PBXFileReference; fileEncoding = 4; lastKnownFileType = sourcecode.c.objc; path = "UIBarButtonItem+init.m"; sourceTree = "<group>"; };
		04A4F148223B862C004E740D /* SHLoginViewController.swift */ = {isa = PBXFileReference; lastKnownFileType = sourcecode.swift; path = SHLoginViewController.swift; sourceTree = "<group>"; };
		04A4F149223B862C004E740D /* SHLoginViewController.xib */ = {isa = PBXFileReference; lastKnownFileType = file.xib; path = SHLoginViewController.xib; sourceTree = "<group>"; };
		04BC0AB12244DB4F00DB852F /* iAd.framework */ = {isa = PBXFileReference; lastKnownFileType = wrapper.framework; name = iAd.framework; path = System/Library/Frameworks/iAd.framework; sourceTree = SDKROOT; };
		04BFCA27223B36F90039461D /* NurseCall.app */ = {isa = PBXFileReference; explicitFileType = wrapper.application; includeInIndex = 0; path = NurseCall.app; sourceTree = BUILT_PRODUCTS_DIR; };
		04BFCA2A223B36F90039461D /* AppDelegate.swift */ = {isa = PBXFileReference; lastKnownFileType = sourcecode.swift; path = AppDelegate.swift; sourceTree = "<group>"; };
		04BFCA31223B36FA0039461D /* Assets.xcassets */ = {isa = PBXFileReference; lastKnownFileType = folder.assetcatalog; path = Assets.xcassets; sourceTree = "<group>"; };
		04BFCA34223B36FA0039461D /* Base */ = {isa = PBXFileReference; lastKnownFileType = file.storyboard; name = Base; path = Base.lproj/LaunchScreen.storyboard; sourceTree = "<group>"; };
		04BFCA36223B36FA0039461D /* Info.plist */ = {isa = PBXFileReference; lastKnownFileType = text.plist.xml; path = Info.plist; sourceTree = "<group>"; };
		04BFCA3B223B36FB0039461D /* NurseCallTests.xctest */ = {isa = PBXFileReference; explicitFileType = wrapper.cfbundle; includeInIndex = 0; path = NurseCallTests.xctest; sourceTree = BUILT_PRODUCTS_DIR; };
		04BFCA3F223B36FB0039461D /* NurseCallTests.swift */ = {isa = PBXFileReference; lastKnownFileType = sourcecode.swift; path = NurseCallTests.swift; sourceTree = "<group>"; };
		04BFCA41223B36FB0039461D /* Info.plist */ = {isa = PBXFileReference; lastKnownFileType = text.plist.xml; path = Info.plist; sourceTree = "<group>"; };
		04BFCA46223B36FB0039461D /* NurseCallUITests.xctest */ = {isa = PBXFileReference; explicitFileType = wrapper.cfbundle; includeInIndex = 0; path = NurseCallUITests.xctest; sourceTree = BUILT_PRODUCTS_DIR; };
		04BFCA4A223B36FB0039461D /* NurseCallUITests.swift */ = {isa = PBXFileReference; lastKnownFileType = sourcecode.swift; path = NurseCallUITests.swift; sourceTree = "<group>"; };
		04BFCA4C223B36FB0039461D /* Info.plist */ = {isa = PBXFileReference; lastKnownFileType = text.plist.xml; path = Info.plist; sourceTree = "<group>"; };
		04D6D5BF224DF20A000BF0F4 /* SHSickRoomViewController.swift */ = {isa = PBXFileReference; lastKnownFileType = sourcecode.swift; path = SHSickRoomViewController.swift; sourceTree = "<group>"; };
		04D6D5C0224DF20A000BF0F4 /* SHSickRoomViewController.xib */ = {isa = PBXFileReference; lastKnownFileType = file.xib; path = SHSickRoomViewController.xib; sourceTree = "<group>"; };
		21B438401F17820EBE3CD26A /* Pods-NurseCall.release.xcconfig */ = {isa = PBXFileReference; includeInIndex = 1; lastKnownFileType = text.xcconfig; name = "Pods-NurseCall.release.xcconfig"; path = "Target Support Files/Pods-NurseCall/Pods-NurseCall.release.xcconfig"; sourceTree = "<group>"; };
		2EC9BB3D8DE42F0F4C5449F5 /* Pods_NurseCall.framework */ = {isa = PBXFileReference; explicitFileType = wrapper.framework; includeInIndex = 0; path = Pods_NurseCall.framework; sourceTree = BUILT_PRODUCTS_DIR; };
		67FAE40B9B7C04FAA7AF3944 /* Pods-NurseCall.debug.xcconfig */ = {isa = PBXFileReference; includeInIndex = 1; lastKnownFileType = text.xcconfig; name = "Pods-NurseCall.debug.xcconfig"; path = "Target Support Files/Pods-NurseCall/Pods-NurseCall.debug.xcconfig"; sourceTree = "<group>"; };
/* End PBXFileReference section */

/* Begin PBXFrameworksBuildPhase section */
		04BFCA24223B36F90039461D /* Frameworks */ = {
			isa = PBXFrameworksBuildPhase;
			buildActionMask = 2147483647;
			files = (
				FB2BD6E93D299A03D3CD94E2 /* Pods_NurseCall.framework in Frameworks */,
			);
			runOnlyForDeploymentPostprocessing = 0;
		};
		04BFCA38223B36FB0039461D /* Frameworks */ = {
			isa = PBXFrameworksBuildPhase;
			buildActionMask = 2147483647;
			files = (
			);
			runOnlyForDeploymentPostprocessing = 0;
		};
		04BFCA43223B36FB0039461D /* Frameworks */ = {
			isa = PBXFrameworksBuildPhase;
			buildActionMask = 2147483647;
			files = (
			);
			runOnlyForDeploymentPostprocessing = 0;
		};
/* End PBXFrameworksBuildPhase section */

/* Begin PBXGroup section */
		04265F5422438D6800A56EDE /* Frame */ = {
			isa = PBXGroup;
			children = (
				04265F5522438D6800A56EDE /* UIView+frame.m */,
				04265F5622438D6800A56EDE /* UIView+frame.h */,
			);
			path = Frame;
			sourceTree = "<group>";
		};
		0428CCD6223F4AE4008378A3 /* Service */ = {
			isa = PBXGroup;
			children = (
				0428CCD7223F4B62008378A3 /* SHServiceType.swift */,
				0424B2002240917A0040BD12 /* SHServiceTools.swift */,
			);
			path = Service;
			sourceTree = "<group>";
		};
		0428CD47223F86FA008378A3 /* Main */ = {
			isa = PBXGroup;
			children = (
				0428CD48223F86FA008378A3 /* SHSettingViewController.swift */,
				0428CD49223F86FA008378A3 /* SHSettingViewController.storyboard */,
			);
			path = Main;
			sourceTree = "<group>";
		};
		0428CD4C223F8714008378A3 /* DeviceManager */ = {
			isa = PBXGroup;
			children = (
				0428CD4D223F8714008378A3 /* Controller */,
				0428CD4E223F8714008378A3 /* Model */,
				0428CD4F223F8714008378A3 /* View */,
			);
			path = DeviceManager;
			sourceTree = "<group>";
		};
		0428CD4D223F8714008378A3 /* Controller */ = {
			isa = PBXGroup;
			children = (
				04265F4522436F3C00A56EDE /* SHCallDeviceSettingViewController.swift */,
				04265F4622436F3C00A56EDE /* SHCallDeviceSettingViewController.xib */,
			);
			path = Controller;
			sourceTree = "<group>";
		};
		0428CD4E223F8714008378A3 /* Model */ = {
			isa = PBXGroup;
			children = (
				0428CD58223F89B7008378A3 /* SHDevice.swift */,
			);
			path = Model;
			sourceTree = "<group>";
		};
		0428CD4F223F8714008378A3 /* View */ = {
			isa = PBXGroup;
			children = (
				0428CD54223F87B5008378A3 /* SHDeviceManagerCell.swift */,
				0428CD55223F87B5008378A3 /* SHDeviceManagerCell.xib */,
			);
			path = View;
			sourceTree = "<group>";
		};
		0428CD5A223F8C88008378A3 /* About */ = {
			isa = PBXGroup;
			children = (
				0428CD5B223F8C88008378A3 /* Controller */,
				0428CD5C223F8C88008378A3 /* Model */,
				0428CD5D223F8C88008378A3 /* View */,
			);
			path = About;
			sourceTree = "<group>";
		};
		0428CD5B223F8C88008378A3 /* Controller */ = {
			isa = PBXGroup;
			children = (
				0428CD5E223F8CAA008378A3 /* SHAboutViewController.swift */,
				0428CD5F223F8CAA008378A3 /* SHAboutViewController.xib */,
			);
			path = Controller;
			sourceTree = "<group>";
		};
		0428CD5C223F8C88008378A3 /* Model */ = {
			isa = PBXGroup;
			children = (
			);
			path = Model;
			sourceTree = "<group>";
		};
		0428CD5D223F8C88008378A3 /* View */ = {
			isa = PBXGroup;
			children = (
			);
			path = View;
			sourceTree = "<group>";
		};
		044567CF225454E1001B47EE /* View */ = {
			isa = PBXGroup;
			children = (
				044567D022545605001B47EE /* SHSickRoomCollectionCell.swift */,
				044567D122545605001B47EE /* SHSickRoomCollectionCell.xib */,
			);
			path = View;
			sourceTree = "<group>";
		};
		044567D4225458A9001B47EE /* Model */ = {
			isa = PBXGroup;
			children = (
				044567D5225458B5001B47EE /* SHSickRoom.swift */,
			);
			path = Model;
			sourceTree = "<group>";
		};
		04A4F0E6223B3E2D004E740D /* Classes */ = {
			isa = PBXGroup;
			children = (
				04A4F0EC223B3E2D004E740D /* Main */,
				04A4F0E7223B3E2D004E740D /* DataBase */,
				04A4F0E9223B3E2D004E740D /* Tools */,
				04A4F0ED223B3E2D004E740D /* Socket */,
			);
			path = Classes;
			sourceTree = "<group>";
		};
		04A4F0E7223B3E2D004E740D /* DataBase */ = {
			isa = PBXGroup;
			children = (
				04A4F104223B3EA0004E740D /* SQL.sql */,
				04A4F0E8223B3E2D004E740D /* SHSQLiteManager.swift */,
				04265F49224374C600A56EDE /* SHSQLiteManager + CallDevice.swift */,
			);
			path = DataBase;
			sourceTree = "<group>";
		};
		04A4F0E9223B3E2D004E740D /* Tools */ = {
			isa = PBXGroup;
			children = (
				04A4F0EB223B3E2D004E740D /* Common.swift */,
				04A4F13B223B59A9004E740D /* Colors.swift */,
				04A4F10A223B404F004E740D /* Additional */,
				04A4F0EA223B3E2D004E740D /* Extension */,
			);
			path = Tools;
			sourceTree = "<group>";
		};
		04A4F0EA223B3E2D004E740D /* Extension */ = {
			isa = PBXGroup;
			children = (
				04A4F0FD223B3E63004E740D /* Bundle + Extension.swift */,
				04A4F0FC223B3E63004E740D /* PrintLog.swift */,
				04A4F0FE223B3E63004E740D /* UIColor + Extension.swift */,
			);
			path = Extension;
			sourceTree = "<group>";
		};
		04A4F0EC223B3E2D004E740D /* Main */ = {
			isa = PBXGroup;
			children = (
				0428CCD6223F4AE4008378A3 /* Service */,
				04A4F146223B859B004E740D /* Login */,
				04A4F12C223B4747004E740D /* Main */,
				04A4F126223B4747004E740D /* NurseStation */,
				04A4F124223B4747004E740D /* Setting */,
				04A4F12A223B4747004E740D /* SickRoom */,
				04A4F128223B4747004E740D /* Urgent */,
			);
			path = Main;
			sourceTree = "<group>";
		};
		04A4F0ED223B3E2D004E740D /* Socket */ = {
			isa = PBXGroup;
			children = (
				04A4F0EE223B3E2D004E740D /* SHSocketTools + cache.swift */,
				04A4F0EF223B3E2D004E740D /* SHSocketTools + send.swift */,
				04A4F0F0223B3E2D004E740D /* SHSocketTools + receive.swift */,
				04A4F0F1223B3E2D004E740D /* SHSocketTools.swift */,
				04A4F0F2223B3E2D004E740D /* SHSocketData.swift */,
				04A4F0F3223B3E2D004E740D /* SHSocketTools + crc.swift */,
			);
			path = Socket;
			sourceTree = "<group>";
		};
		04A4F10A223B404F004E740D /* Additional */ = {
			isa = PBXGroup;
			children = (
				04265F5422438D6800A56EDE /* Frame */,
				04A4F13F223B8410004E740D /* UIBarButtonItem */,
				04A4F113223B4080004E740D /* FileTools */,
				04A4F10B223B4063004E740D /* UIDevice+DeviceType */,
				04A4F10E223B4064004E740D /* UIDevice+IPAddresses */,
			);
			path = Additional;
			sourceTree = "<group>";
		};
		04A4F10B223B4063004E740D /* UIDevice+DeviceType */ = {
			isa = PBXGroup;
			children = (
				04A4F10C223B4063004E740D /* UIDevice+DeviceType.m */,
				04A4F10D223B4063004E740D /* UIDevice+DeviceType.h */,
			);
			path = "UIDevice+DeviceType";
			sourceTree = "<group>";
		};
		04A4F10E223B4064004E740D /* UIDevice+IPAddresses */ = {
			isa = PBXGroup;
			children = (
				04A4F10F223B4064004E740D /* UIDevice+IPAddresses.m */,
				04A4F110223B4064004E740D /* UIDevice+IPAddresses.h */,
			);
			path = "UIDevice+IPAddresses";
			sourceTree = "<group>";
		};
		04A4F113223B4080004E740D /* FileTools */ = {
			isa = PBXGroup;
			children = (
				04A4F115223B4080004E740D /* FileTools.h */,
				04A4F114223B4080004E740D /* FileTools.m */,
			);
			path = FileTools;
			sourceTree = "<group>";
		};
		04A4F124223B4747004E740D /* Setting */ = {
			isa = PBXGroup;
			children = (
				0428CD5A223F8C88008378A3 /* About */,
				0428CD4C223F8714008378A3 /* DeviceManager */,
				0428CD47223F86FA008378A3 /* Main */,
			);
			path = Setting;
			sourceTree = "<group>";
		};
		04A4F126223B4747004E740D /* NurseStation */ = {
			isa = PBXGroup;
			children = (
				04A4F127223B4747004E740D /* Controller */,
			);
			path = NurseStation;
			sourceTree = "<group>";
		};
		04A4F127223B4747004E740D /* Controller */ = {
			isa = PBXGroup;
			children = (
				04A4F133223B4763004E740D /* SHNurseStationViewController.swift */,
			);
			path = Controller;
			sourceTree = "<group>";
		};
		04A4F128223B4747004E740D /* Urgent */ = {
			isa = PBXGroup;
			children = (
				04A4F129223B4747004E740D /* Controller */,
			);
			path = Urgent;
			sourceTree = "<group>";
		};
		04A4F129223B4747004E740D /* Controller */ = {
			isa = PBXGroup;
			children = (
				04A4F139223B4791004E740D /* SHUrgentViewController.swift */,
			);
			path = Controller;
			sourceTree = "<group>";
		};
		04A4F12A223B4747004E740D /* SickRoom */ = {
			isa = PBXGroup;
			children = (
				044567D4225458A9001B47EE /* Model */,
				044567CF225454E1001B47EE /* View */,
				04A4F12B223B4747004E740D /* Controller */,
			);
			path = SickRoom;
			sourceTree = "<group>";
		};
		04A4F12B223B4747004E740D /* Controller */ = {
			isa = PBXGroup;
			children = (
				04D6D5BF224DF20A000BF0F4 /* SHSickRoomViewController.swift */,
				04D6D5C0224DF20A000BF0F4 /* SHSickRoomViewController.xib */,
			);
			path = Controller;
			sourceTree = "<group>";
		};
		04A4F12C223B4747004E740D /* Main */ = {
			isa = PBXGroup;
			children = (
				04A4F12D223B4747004E740D /* SHViewController.swift */,
				04A4F12E223B4747004E740D /* SHNavigationController.swift */,
				04A4F12F223B4747004E740D /* SHMainViewController.swift */,
				04265F5822438E8200A56EDE /* SHTAlertView.swift */,
			);
			path = Main;
			sourceTree = "<group>";
		};
		04A4F13F223B8410004E740D /* UIBarButtonItem */ = {
			isa = PBXGroup;
			children = (
				04A4F141223B841E004E740D /* UIBarButtonItem+init.h */,
				04A4F143223B841E004E740D /* UIBarButtonItem+init.m */,
				04A4F142223B841E004E740D /* UIButton+init.h */,
				04A4F140223B841E004E740D /* UIButton+init.m */,
			);
			path = UIBarButtonItem;
			sourceTree = "<group>";
		};
		04A4F146223B859B004E740D /* Login */ = {
			isa = PBXGroup;
			children = (
				04A4F147223B859B004E740D /* Controller */,
			);
			path = Login;
			sourceTree = "<group>";
		};
		04A4F147223B859B004E740D /* Controller */ = {
			isa = PBXGroup;
			children = (
				04A4F148223B862C004E740D /* SHLoginViewController.swift */,
				04A4F149223B862C004E740D /* SHLoginViewController.xib */,
			);
			path = Controller;
			sourceTree = "<group>";
		};
		04BFCA1E223B36F90039461D = {
			isa = PBXGroup;
			children = (
				04BFCA29223B36F90039461D /* NurseCall */,
				04BFCA3E223B36FB0039461D /* NurseCallTests */,
				04BFCA49223B36FB0039461D /* NurseCallUITests */,
				04BFCA28223B36F90039461D /* Products */,
				98BEE7C962E083575C5CAEBC /* Pods */,
				3DD969F46611F60B9749C1B3 /* Frameworks */,
			);
			sourceTree = "<group>";
		};
		04BFCA28223B36F90039461D /* Products */ = {
			isa = PBXGroup;
			children = (
				04BFCA27223B36F90039461D /* NurseCall.app */,
				04BFCA3B223B36FB0039461D /* NurseCallTests.xctest */,
				04BFCA46223B36FB0039461D /* NurseCallUITests.xctest */,
			);
			name = Products;
			sourceTree = "<group>";
		};
		04BFCA29223B36F90039461D /* NurseCall */ = {
			isa = PBXGroup;
			children = (
				04A4F0E6223B3E2D004E740D /* Classes */,
				04BFCA2A223B36F90039461D /* AppDelegate.swift */,
				04A4F117223B410A004E740D /* NurseCall.h */,
				04BFCA31223B36FA0039461D /* Assets.xcassets */,
				04BFCA33223B36FA0039461D /* LaunchScreen.storyboard */,
				04BFCA36223B36FA0039461D /* Info.plist */,
			);
			path = NurseCall;
			sourceTree = "<group>";
		};
		04BFCA3E223B36FB0039461D /* NurseCallTests */ = {
			isa = PBXGroup;
			children = (
				04BFCA3F223B36FB0039461D /* NurseCallTests.swift */,
				04BFCA41223B36FB0039461D /* Info.plist */,
			);
			path = NurseCallTests;
			sourceTree = "<group>";
		};
		04BFCA49223B36FB0039461D /* NurseCallUITests */ = {
			isa = PBXGroup;
			children = (
				04BFCA4A223B36FB0039461D /* NurseCallUITests.swift */,
				04BFCA4C223B36FB0039461D /* Info.plist */,
			);
			path = NurseCallUITests;
			sourceTree = "<group>";
		};
		3DD969F46611F60B9749C1B3 /* Frameworks */ = {
			isa = PBXGroup;
			children = (
				04BC0AB12244DB4F00DB852F /* iAd.framework */,
				2EC9BB3D8DE42F0F4C5449F5 /* Pods_NurseCall.framework */,
			);
			name = Frameworks;
			sourceTree = "<group>";
		};
		98BEE7C962E083575C5CAEBC /* Pods */ = {
			isa = PBXGroup;
			children = (
				67FAE40B9B7C04FAA7AF3944 /* Pods-NurseCall.debug.xcconfig */,
				21B438401F17820EBE3CD26A /* Pods-NurseCall.release.xcconfig */,
			);
			path = Pods;
			sourceTree = "<group>";
		};
/* End PBXGroup section */

/* Begin PBXNativeTarget section */
		04BFCA26223B36F90039461D /* NurseCall */ = {
			isa = PBXNativeTarget;
			buildConfigurationList = 04BFCA4F223B36FB0039461D /* Build configuration list for PBXNativeTarget "NurseCall" */;
			buildPhases = (
				615FCD00BF008B2BA0E22131 /* [CP] Check Pods Manifest.lock */,
				04BFCA23223B36F90039461D /* Sources */,
				04BFCA24223B36F90039461D /* Frameworks */,
				04BFCA25223B36F90039461D /* Resources */,
				DA1BDBBB9CFD9478F3524275 /* [CP] Embed Pods Frameworks */,
			);
			buildRules = (
			);
			dependencies = (
			);
			name = NurseCall;
			productName = NurseCall;
			productReference = 04BFCA27223B36F90039461D /* NurseCall.app */;
			productType = "com.apple.product-type.application";
		};
		04BFCA3A223B36FB0039461D /* NurseCallTests */ = {
			isa = PBXNativeTarget;
			buildConfigurationList = 04BFCA52223B36FB0039461D /* Build configuration list for PBXNativeTarget "NurseCallTests" */;
			buildPhases = (
				04BFCA37223B36FB0039461D /* Sources */,
				04BFCA38223B36FB0039461D /* Frameworks */,
				04BFCA39223B36FB0039461D /* Resources */,
			);
			buildRules = (
			);
			dependencies = (
				04BFCA3D223B36FB0039461D /* PBXTargetDependency */,
			);
			name = NurseCallTests;
			productName = NurseCallTests;
			productReference = 04BFCA3B223B36FB0039461D /* NurseCallTests.xctest */;
			productType = "com.apple.product-type.bundle.unit-test";
		};
		04BFCA45223B36FB0039461D /* NurseCallUITests */ = {
			isa = PBXNativeTarget;
			buildConfigurationList = 04BFCA55223B36FB0039461D /* Build configuration list for PBXNativeTarget "NurseCallUITests" */;
			buildPhases = (
				04BFCA42223B36FB0039461D /* Sources */,
				04BFCA43223B36FB0039461D /* Frameworks */,
				04BFCA44223B36FB0039461D /* Resources */,
			);
			buildRules = (
			);
			dependencies = (
				04BFCA48223B36FB0039461D /* PBXTargetDependency */,
			);
			name = NurseCallUITests;
			productName = NurseCallUITests;
			productReference = 04BFCA46223B36FB0039461D /* NurseCallUITests.xctest */;
			productType = "com.apple.product-type.bundle.ui-testing";
		};
/* End PBXNativeTarget section */

/* Begin PBXProject section */
		04BFCA1F223B36F90039461D /* Project object */ = {
			isa = PBXProject;
			attributes = {
				CLASSPREFIX = SH;
				LastSwiftUpdateCheck = 1010;
				LastUpgradeCheck = 1010;
				ORGANIZATIONNAME = Apple;
				TargetAttributes = {
					04BFCA26223B36F90039461D = {
						CreatedOnToolsVersion = 10.1;
						LastSwiftMigration = 1020;
					};
					04BFCA3A223B36FB0039461D = {
						CreatedOnToolsVersion = 10.1;
						LastSwiftMigration = 1020;
						TestTargetID = 04BFCA26223B36F90039461D;
					};
					04BFCA45223B36FB0039461D = {
						CreatedOnToolsVersion = 10.1;
						LastSwiftMigration = 1020;
						TestTargetID = 04BFCA26223B36F90039461D;
					};
				};
			};
			buildConfigurationList = 04BFCA22223B36F90039461D /* Build configuration list for PBXProject "NurseCall" */;
			compatibilityVersion = "Xcode 9.3";
			developmentRegion = en;
			hasScannedForEncodings = 0;
			knownRegions = (
				en,
				Base,
			);
			mainGroup = 04BFCA1E223B36F90039461D;
			productRefGroup = 04BFCA28223B36F90039461D /* Products */;
			projectDirPath = "";
			projectRoot = "";
			targets = (
				04BFCA26223B36F90039461D /* NurseCall */,
				04BFCA3A223B36FB0039461D /* NurseCallTests */,
				04BFCA45223B36FB0039461D /* NurseCallUITests */,
			);
		};
/* End PBXProject section */

/* Begin PBXResourcesBuildPhase section */
		04BFCA25223B36F90039461D /* Resources */ = {
			isa = PBXResourcesBuildPhase;
			buildActionMask = 2147483647;
			files = (
				04A4F105223B3EA0004E740D /* SQL.sql in Resources */,
				044567D322545605001B47EE /* SHSickRoomCollectionCell.xib in Resources */,
				04A4F14B223B862C004E740D /* SHLoginViewController.xib in Resources */,
				04265F4822436F3C00A56EDE /* SHCallDeviceSettingViewController.xib in Resources */,
				0428CD61223F8CAA008378A3 /* SHAboutViewController.xib in Resources */,
				04BFCA35223B36FA0039461D /* LaunchScreen.storyboard in Resources */,
				04BFCA32223B36FA0039461D /* Assets.xcassets in Resources */,
				0428CD57223F87B5008378A3 /* SHDeviceManagerCell.xib in Resources */,
				04D6D5C2224DF20A000BF0F4 /* SHSickRoomViewController.xib in Resources */,
				0428CD4B223F86FA008378A3 /* SHSettingViewController.storyboard in Resources */,
			);
			runOnlyForDeploymentPostprocessing = 0;
		};
		04BFCA39223B36FB0039461D /* Resources */ = {
			isa = PBXResourcesBuildPhase;
			buildActionMask = 2147483647;
			files = (
			);
			runOnlyForDeploymentPostprocessing = 0;
		};
		04BFCA44223B36FB0039461D /* Resources */ = {
			isa = PBXResourcesBuildPhase;
			buildActionMask = 2147483647;
			files = (
			);
			runOnlyForDeploymentPostprocessing = 0;
		};
/* End PBXResourcesBuildPhase section */

/* Begin PBXShellScriptBuildPhase section */
		615FCD00BF008B2BA0E22131 /* [CP] Check Pods Manifest.lock */ = {
			isa = PBXShellScriptBuildPhase;
			buildActionMask = 2147483647;
			files = (
			);
			inputFileListPaths = (
			);
			inputPaths = (
				"${PODS_PODFILE_DIR_PATH}/Podfile.lock",
				"${PODS_ROOT}/Manifest.lock",
			);
			name = "[CP] Check Pods Manifest.lock";
			outputFileListPaths = (
			);
			outputPaths = (
				"$(DERIVED_FILE_DIR)/Pods-NurseCall-checkManifestLockResult.txt",
			);
			runOnlyForDeploymentPostprocessing = 0;
			shellPath = /bin/sh;
			shellScript = "diff \"${PODS_PODFILE_DIR_PATH}/Podfile.lock\" \"${PODS_ROOT}/Manifest.lock\" > /dev/null\nif [ $? != 0 ] ; then\n    # print error to STDERR\n    echo \"error: The sandbox is not in sync with the Podfile.lock. Run 'pod install' or update your CocoaPods installation.\" >&2\n    exit 1\nfi\n# This output is used by Xcode 'outputs' to avoid re-running this script phase.\necho \"SUCCESS\" > \"${SCRIPT_OUTPUT_FILE_0}\"\n";
			showEnvVarsInLog = 0;
		};
		DA1BDBBB9CFD9478F3524275 /* [CP] Embed Pods Frameworks */ = {
			isa = PBXShellScriptBuildPhase;
			buildActionMask = 2147483647;
			files = (
			);
			inputFileListPaths = (
			);
			inputPaths = (
				"${PODS_ROOT}/Target Support Files/Pods-NurseCall/Pods-NurseCall-frameworks.sh",
				"${BUILT_PRODUCTS_DIR}/CocoaAsyncSocket/CocoaAsyncSocket.framework",
				"${BUILT_PRODUCTS_DIR}/FMDB/FMDB.framework",
				"${BUILT_PRODUCTS_DIR}/GCDWebServer/GCDWebServer.framework",
				"${BUILT_PRODUCTS_DIR}/SAMKeychain/SAMKeychain.framework",
				"${BUILT_PRODUCTS_DIR}/SVProgressHUD/SVProgressHUD.framework",
				"${BUILT_PRODUCTS_DIR}/TYAlertController/TYAlertController.framework",
			);
			name = "[CP] Embed Pods Frameworks";
			outputFileListPaths = (
			);
			outputPaths = (
				"${TARGET_BUILD_DIR}/${FRAMEWORKS_FOLDER_PATH}/CocoaAsyncSocket.framework",
				"${TARGET_BUILD_DIR}/${FRAMEWORKS_FOLDER_PATH}/FMDB.framework",
				"${TARGET_BUILD_DIR}/${FRAMEWORKS_FOLDER_PATH}/GCDWebServer.framework",
				"${TARGET_BUILD_DIR}/${FRAMEWORKS_FOLDER_PATH}/SAMKeychain.framework",
				"${TARGET_BUILD_DIR}/${FRAMEWORKS_FOLDER_PATH}/SVProgressHUD.framework",
				"${TARGET_BUILD_DIR}/${FRAMEWORKS_FOLDER_PATH}/TYAlertController.framework",
			);
			runOnlyForDeploymentPostprocessing = 0;
			shellPath = /bin/sh;
			shellScript = "\"${PODS_ROOT}/Target Support Files/Pods-NurseCall/Pods-NurseCall-frameworks.sh\"\n";
			showEnvVarsInLog = 0;
		};
/* End PBXShellScriptBuildPhase section */

/* Begin PBXSourcesBuildPhase section */
		04BFCA23223B36F90039461D /* Sources */ = {
			isa = PBXSourcesBuildPhase;
			buildActionMask = 2147483647;
			files = (
				04A4F13C223B59A9004E740D /* Colors.swift in Sources */,
				04A4F0F4223B3E2D004E740D /* SHSQLiteManager.swift in Sources */,
				04265F5922438E8200A56EDE /* SHTAlertView.swift in Sources */,
				04A4F101223B3E63004E740D /* Bundle + Extension.swift in Sources */,
				04265F4A224374C600A56EDE /* SHSQLiteManager + CallDevice.swift in Sources */,
				0428CD4A223F86FA008378A3 /* SHSettingViewController.swift in Sources */,
				04A4F131223B4748004E740D /* SHNavigationController.swift in Sources */,
				04A4F0F5223B3E2D004E740D /* Common.swift in Sources */,
				04A4F112223B4064004E740D /* UIDevice+IPAddresses.m in Sources */,
				04A4F13A223B4791004E740D /* SHUrgentViewController.swift in Sources */,
				04A4F14A223B862C004E740D /* SHLoginViewController.swift in Sources */,
				04A4F144223B841E004E740D /* UIButton+init.m in Sources */,
				04265F5722438D6800A56EDE /* UIView+frame.m in Sources */,
				04A4F130223B4748004E740D /* SHViewController.swift in Sources */,
				0424B2012240917A0040BD12 /* SHServiceTools.swift in Sources */,
				04A4F0FB223B3E2D004E740D /* SHSocketTools + crc.swift in Sources */,
				04265F4722436F3C00A56EDE /* SHCallDeviceSettingViewController.swift in Sources */,
				0428CCD8223F4B62008378A3 /* SHServiceType.swift in Sources */,
				04D6D5C1224DF20A000BF0F4 /* SHSickRoomViewController.swift in Sources */,
				04A4F0F7223B3E2D004E740D /* SHSocketTools + send.swift in Sources */,
				04A4F100223B3E63004E740D /* PrintLog.swift in Sources */,
				0428CD59223F89B7008378A3 /* SHDevice.swift in Sources */,
				0428CD60223F8CAA008378A3 /* SHAboutViewController.swift in Sources */,
				04A4F116223B4080004E740D /* FileTools.m in Sources */,
				04A4F0FA223B3E2D004E740D /* SHSocketData.swift in Sources */,
				04A4F132223B4748004E740D /* SHMainViewController.swift in Sources */,
				0428CD56223F87B5008378A3 /* SHDeviceManagerCell.swift in Sources */,
				04A4F0F6223B3E2D004E740D /* SHSocketTools + cache.swift in Sources */,
				044567D6225458B5001B47EE /* SHSickRoom.swift in Sources */,
				04A4F0F9223B3E2D004E740D /* SHSocketTools.swift in Sources */,
				04A4F102223B3E63004E740D /* UIColor + Extension.swift in Sources */,
				04A4F111223B4064004E740D /* UIDevice+DeviceType.m in Sources */,
				04A4F145223B841E004E740D /* UIBarButtonItem+init.m in Sources */,
				04BFCA2B223B36F90039461D /* AppDelegate.swift in Sources */,
				04A4F134223B4763004E740D /* SHNurseStationViewController.swift in Sources */,
				04A4F0F8223B3E2D004E740D /* SHSocketTools + receive.swift in Sources */,
				044567D222545605001B47EE /* SHSickRoomCollectionCell.swift in Sources */,
			);
			runOnlyForDeploymentPostprocessing = 0;
		};
		04BFCA37223B36FB0039461D /* Sources */ = {
			isa = PBXSourcesBuildPhase;
			buildActionMask = 2147483647;
			files = (
				04BFCA40223B36FB0039461D /* NurseCallTests.swift in Sources */,
			);
			runOnlyForDeploymentPostprocessing = 0;
		};
		04BFCA42223B36FB0039461D /* Sources */ = {
			isa = PBXSourcesBuildPhase;
			buildActionMask = 2147483647;
			files = (
				04BFCA4B223B36FB0039461D /* NurseCallUITests.swift in Sources */,
			);
			runOnlyForDeploymentPostprocessing = 0;
		};
/* End PBXSourcesBuildPhase section */

/* Begin PBXTargetDependency section */
		04BFCA3D223B36FB0039461D /* PBXTargetDependency */ = {
			isa = PBXTargetDependency;
			target = 04BFCA26223B36F90039461D /* NurseCall */;
			targetProxy = 04BFCA3C223B36FB0039461D /* PBXContainerItemProxy */;
		};
		04BFCA48223B36FB0039461D /* PBXTargetDependency */ = {
			isa = PBXTargetDependency;
			target = 04BFCA26223B36F90039461D /* NurseCall */;
			targetProxy = 04BFCA47223B36FB0039461D /* PBXContainerItemProxy */;
		};
/* End PBXTargetDependency section */

/* Begin PBXVariantGroup section */
		04BFCA33223B36FA0039461D /* LaunchScreen.storyboard */ = {
			isa = PBXVariantGroup;
			children = (
				04BFCA34223B36FA0039461D /* Base */,
			);
			name = LaunchScreen.storyboard;
			sourceTree = "<group>";
		};
/* End PBXVariantGroup section */

/* Begin XCBuildConfiguration section */
		04BFCA4D223B36FB0039461D /* Debug */ = {
			isa = XCBuildConfiguration;
			buildSettings = {
				ALWAYS_SEARCH_USER_PATHS = NO;
				CLANG_ANALYZER_NONNULL = YES;
				CLANG_ANALYZER_NUMBER_OBJECT_CONVERSION = YES_AGGRESSIVE;
				CLANG_CXX_LANGUAGE_STANDARD = "gnu++14";
				CLANG_CXX_LIBRARY = "libc++";
				CLANG_ENABLE_MODULES = YES;
				CLANG_ENABLE_OBJC_ARC = YES;
				CLANG_ENABLE_OBJC_WEAK = YES;
				CLANG_WARN_BLOCK_CAPTURE_AUTORELEASING = YES;
				CLANG_WARN_BOOL_CONVERSION = YES;
				CLANG_WARN_COMMA = YES;
				CLANG_WARN_CONSTANT_CONVERSION = YES;
				CLANG_WARN_DEPRECATED_OBJC_IMPLEMENTATIONS = YES;
				CLANG_WARN_DIRECT_OBJC_ISA_USAGE = YES_ERROR;
				CLANG_WARN_DOCUMENTATION_COMMENTS = YES;
				CLANG_WARN_EMPTY_BODY = YES;
				CLANG_WARN_ENUM_CONVERSION = YES;
				CLANG_WARN_INFINITE_RECURSION = YES;
				CLANG_WARN_INT_CONVERSION = YES;
				CLANG_WARN_NON_LITERAL_NULL_CONVERSION = YES;
				CLANG_WARN_OBJC_IMPLICIT_RETAIN_SELF = YES;
				CLANG_WARN_OBJC_LITERAL_CONVERSION = YES;
				CLANG_WARN_OBJC_ROOT_CLASS = YES_ERROR;
				CLANG_WARN_RANGE_LOOP_ANALYSIS = YES;
				CLANG_WARN_STRICT_PROTOTYPES = YES;
				CLANG_WARN_SUSPICIOUS_MOVE = YES;
				CLANG_WARN_UNGUARDED_AVAILABILITY = YES_AGGRESSIVE;
				CLANG_WARN_UNREACHABLE_CODE = YES;
				CLANG_WARN__DUPLICATE_METHOD_MATCH = YES;
				CODE_SIGN_IDENTITY = "iPhone Developer";
				COPY_PHASE_STRIP = NO;
				DEBUG_INFORMATION_FORMAT = dwarf;
				ENABLE_STRICT_OBJC_MSGSEND = YES;
				ENABLE_TESTABILITY = YES;
				GCC_C_LANGUAGE_STANDARD = gnu11;
				GCC_DYNAMIC_NO_PIC = NO;
				GCC_NO_COMMON_BLOCKS = YES;
				GCC_OPTIMIZATION_LEVEL = 0;
				GCC_PREPROCESSOR_DEFINITIONS = (
					"DEBUG=1",
					"$(inherited)",
				);
				GCC_WARN_64_TO_32_BIT_CONVERSION = YES;
				GCC_WARN_ABOUT_RETURN_TYPE = YES_ERROR;
				GCC_WARN_UNDECLARED_SELECTOR = YES;
				GCC_WARN_UNINITIALIZED_AUTOS = YES_AGGRESSIVE;
				GCC_WARN_UNUSED_FUNCTION = YES;
				GCC_WARN_UNUSED_VARIABLE = YES;
				IPHONEOS_DEPLOYMENT_TARGET = 12.1;
				MTL_ENABLE_DEBUG_INFO = INCLUDE_SOURCE;
				MTL_FAST_MATH = YES;
				ONLY_ACTIVE_ARCH = YES;
				SDKROOT = iphoneos;
				SWIFT_ACTIVE_COMPILATION_CONDITIONS = DEBUG;
				SWIFT_OPTIMIZATION_LEVEL = "-Onone";
			};
			name = Debug;
		};
		04BFCA4E223B36FB0039461D /* Release */ = {
			isa = XCBuildConfiguration;
			buildSettings = {
				ALWAYS_SEARCH_USER_PATHS = NO;
				CLANG_ANALYZER_NONNULL = YES;
				CLANG_ANALYZER_NUMBER_OBJECT_CONVERSION = YES_AGGRESSIVE;
				CLANG_CXX_LANGUAGE_STANDARD = "gnu++14";
				CLANG_CXX_LIBRARY = "libc++";
				CLANG_ENABLE_MODULES = YES;
				CLANG_ENABLE_OBJC_ARC = YES;
				CLANG_ENABLE_OBJC_WEAK = YES;
				CLANG_WARN_BLOCK_CAPTURE_AUTORELEASING = YES;
				CLANG_WARN_BOOL_CONVERSION = YES;
				CLANG_WARN_COMMA = YES;
				CLANG_WARN_CONSTANT_CONVERSION = YES;
				CLANG_WARN_DEPRECATED_OBJC_IMPLEMENTATIONS = YES;
				CLANG_WARN_DIRECT_OBJC_ISA_USAGE = YES_ERROR;
				CLANG_WARN_DOCUMENTATION_COMMENTS = YES;
				CLANG_WARN_EMPTY_BODY = YES;
				CLANG_WARN_ENUM_CONVERSION = YES;
				CLANG_WARN_INFINITE_RECURSION = YES;
				CLANG_WARN_INT_CONVERSION = YES;
				CLANG_WARN_NON_LITERAL_NULL_CONVERSION = YES;
				CLANG_WARN_OBJC_IMPLICIT_RETAIN_SELF = YES;
				CLANG_WARN_OBJC_LITERAL_CONVERSION = YES;
				CLANG_WARN_OBJC_ROOT_CLASS = YES_ERROR;
				CLANG_WARN_RANGE_LOOP_ANALYSIS = YES;
				CLANG_WARN_STRICT_PROTOTYPES = YES;
				CLANG_WARN_SUSPICIOUS_MOVE = YES;
				CLANG_WARN_UNGUARDED_AVAILABILITY = YES_AGGRESSIVE;
				CLANG_WARN_UNREACHABLE_CODE = YES;
				CLANG_WARN__DUPLICATE_METHOD_MATCH = YES;
				CODE_SIGN_IDENTITY = "iPhone Developer";
				COPY_PHASE_STRIP = NO;
				DEBUG_INFORMATION_FORMAT = "dwarf-with-dsym";
				ENABLE_NS_ASSERTIONS = NO;
				ENABLE_STRICT_OBJC_MSGSEND = YES;
				GCC_C_LANGUAGE_STANDARD = gnu11;
				GCC_NO_COMMON_BLOCKS = YES;
				GCC_WARN_64_TO_32_BIT_CONVERSION = YES;
				GCC_WARN_ABOUT_RETURN_TYPE = YES_ERROR;
				GCC_WARN_UNDECLARED_SELECTOR = YES;
				GCC_WARN_UNINITIALIZED_AUTOS = YES_AGGRESSIVE;
				GCC_WARN_UNUSED_FUNCTION = YES;
				GCC_WARN_UNUSED_VARIABLE = YES;
				IPHONEOS_DEPLOYMENT_TARGET = 12.1;
				MTL_ENABLE_DEBUG_INFO = NO;
				MTL_FAST_MATH = YES;
				SDKROOT = iphoneos;
				SWIFT_COMPILATION_MODE = wholemodule;
				SWIFT_OPTIMIZATION_LEVEL = "-O";
				VALIDATE_PRODUCT = YES;
			};
			name = Release;
		};
		04BFCA50223B36FB0039461D /* Debug */ = {
			isa = XCBuildConfiguration;
			baseConfigurationReference = 67FAE40B9B7C04FAA7AF3944 /* Pods-NurseCall.debug.xcconfig */;
			buildSettings = {
				ASSETCATALOG_COMPILER_APPICON_NAME = AppIcon;
				CODE_SIGN_STYLE = Automatic;
				DEVELOPMENT_TEAM = TMD6A3D429;
				INFOPLIST_FILE = NurseCall/Info.plist;
				IPHONEOS_DEPLOYMENT_TARGET = 10.0;
				LD_RUNPATH_SEARCH_PATHS = (
					"$(inherited)",
					"@executable_path/Frameworks",
				);
				PRODUCT_BUNDLE_IDENTIFIER = com.smarthome.NurseCall;
				PRODUCT_NAME = "$(TARGET_NAME)";
				SWIFT_OBJC_BRIDGING_HEADER = "$(SRCROOT)/NurseCall/NurseCall.h";
				SWIFT_VERSION = 5.0;
				TARGETED_DEVICE_FAMILY = 1;
			};
			name = Debug;
		};
		04BFCA51223B36FB0039461D /* Release */ = {
			isa = XCBuildConfiguration;
			baseConfigurationReference = 21B438401F17820EBE3CD26A /* Pods-NurseCall.release.xcconfig */;
			buildSettings = {
				ASSETCATALOG_COMPILER_APPICON_NAME = AppIcon;
				CODE_SIGN_STYLE = Automatic;
				DEVELOPMENT_TEAM = TMD6A3D429;
				INFOPLIST_FILE = NurseCall/Info.plist;
				IPHONEOS_DEPLOYMENT_TARGET = 10.0;
				LD_RUNPATH_SEARCH_PATHS = (
					"$(inherited)",
					"@executable_path/Frameworks",
				);
				PRODUCT_BUNDLE_IDENTIFIER = com.smarthome.NurseCall;
				PRODUCT_NAME = "$(TARGET_NAME)";
				SWIFT_OBJC_BRIDGING_HEADER = "$(SRCROOT)/NurseCall/NurseCall.h";
				SWIFT_VERSION = 5.0;
				TARGETED_DEVICE_FAMILY = 1;
			};
			name = Release;
		};
		04BFCA53223B36FB0039461D /* Debug */ = {
			isa = XCBuildConfiguration;
			buildSettings = {
				ALWAYS_EMBED_SWIFT_STANDARD_LIBRARIES = YES;
				BUNDLE_LOADER = "$(TEST_HOST)";
				CODE_SIGN_STYLE = Automatic;
				DEVELOPMENT_TEAM = TMD6A3D429;
				INFOPLIST_FILE = NurseCallTests/Info.plist;
				LD_RUNPATH_SEARCH_PATHS = (
					"$(inherited)",
					"@executable_path/Frameworks",
					"@loader_path/Frameworks",
				);
				PRODUCT_BUNDLE_IDENTIFIER = com.smarthome.NurseCallTests;
				PRODUCT_NAME = "$(TARGET_NAME)";
				SWIFT_VERSION = 5.0;
				TARGETED_DEVICE_FAMILY = "1,2";
				TEST_HOST = "$(BUILT_PRODUCTS_DIR)/NurseCall.app/NurseCall";
			};
			name = Debug;
		};
		04BFCA54223B36FB0039461D /* Release */ = {
			isa = XCBuildConfiguration;
			buildSettings = {
				ALWAYS_EMBED_SWIFT_STANDARD_LIBRARIES = YES;
				BUNDLE_LOADER = "$(TEST_HOST)";
				CODE_SIGN_STYLE = Automatic;
				DEVELOPMENT_TEAM = TMD6A3D429;
				INFOPLIST_FILE = NurseCallTests/Info.plist;
				LD_RUNPATH_SEARCH_PATHS = (
					"$(inherited)",
					"@executable_path/Frameworks",
					"@loader_path/Frameworks",
				);
				PRODUCT_BUNDLE_IDENTIFIER = com.smarthome.NurseCallTests;
				PRODUCT_NAME = "$(TARGET_NAME)";
				SWIFT_VERSION = 5.0;
				TARGETED_DEVICE_FAMILY = "1,2";
				TEST_HOST = "$(BUILT_PRODUCTS_DIR)/NurseCall.app/NurseCall";
			};
			name = Release;
		};
		04BFCA56223B36FB0039461D /* Debug */ = {
			isa = XCBuildConfiguration;
			buildSettings = {
				ALWAYS_EMBED_SWIFT_STANDARD_LIBRARIES = YES;
				CODE_SIGN_STYLE = Automatic;
				DEVELOPMENT_TEAM = TMD6A3D429;
				INFOPLIST_FILE = NurseCallUITests/Info.plist;
				LD_RUNPATH_SEARCH_PATHS = (
					"$(inherited)",
					"@executable_path/Frameworks",
					"@loader_path/Frameworks",
				);
				PRODUCT_BUNDLE_IDENTIFIER = com.smarthome.NurseCallUITests;
				PRODUCT_NAME = "$(TARGET_NAME)";
				SWIFT_VERSION = 5.0;
				TARGETED_DEVICE_FAMILY = "1,2";
				TEST_TARGET_NAME = NurseCall;
			};
			name = Debug;
		};
		04BFCA57223B36FB0039461D /* Release */ = {
			isa = XCBuildConfiguration;
			buildSettings = {
				ALWAYS_EMBED_SWIFT_STANDARD_LIBRARIES = YES;
				CODE_SIGN_STYLE = Automatic;
				DEVELOPMENT_TEAM = TMD6A3D429;
				INFOPLIST_FILE = NurseCallUITests/Info.plist;
				LD_RUNPATH_SEARCH_PATHS = (
					"$(inherited)",
					"@executable_path/Frameworks",
					"@loader_path/Frameworks",
				);
				PRODUCT_BUNDLE_IDENTIFIER = com.smarthome.NurseCallUITests;
				PRODUCT_NAME = "$(TARGET_NAME)";
				SWIFT_VERSION = 5.0;
				TARGETED_DEVICE_FAMILY = "1,2";
				TEST_TARGET_NAME = NurseCall;
			};
			name = Release;
		};
/* End XCBuildConfiguration section */

/* Begin XCConfigurationList section */
		04BFCA22223B36F90039461D /* Build configuration list for PBXProject "NurseCall" */ = {
			isa = XCConfigurationList;
			buildConfigurations = (
				04BFCA4D223B36FB0039461D /* Debug */,
				04BFCA4E223B36FB0039461D /* Release */,
			);
			defaultConfigurationIsVisible = 0;
			defaultConfigurationName = Release;
		};
		04BFCA4F223B36FB0039461D /* Build configuration list for PBXNativeTarget "NurseCall" */ = {
			isa = XCConfigurationList;
			buildConfigurations = (
				04BFCA50223B36FB0039461D /* Debug */,
				04BFCA51223B36FB0039461D /* Release */,
			);
			defaultConfigurationIsVisible = 0;
			defaultConfigurationName = Release;
		};
		04BFCA52223B36FB0039461D /* Build configuration list for PBXNativeTarget "NurseCallTests" */ = {
			isa = XCConfigurationList;
			buildConfigurations = (
				04BFCA53223B36FB0039461D /* Debug */,
				04BFCA54223B36FB0039461D /* Release */,
			);
			defaultConfigurationIsVisible = 0;
			defaultConfigurationName = Release;
		};
		04BFCA55223B36FB0039461D /* Build configuration list for PBXNativeTarget "NurseCallUITests" */ = {
			isa = XCConfigurationList;
			buildConfigurations = (
				04BFCA56223B36FB0039461D /* Debug */,
				04BFCA57223B36FB0039461D /* Release */,
			);
			defaultConfigurationIsVisible = 0;
			defaultConfigurationName = Release;
		};
/* End XCConfigurationList section */
	};
	rootObject = 04BFCA1F223B36F90039461D /* Project object */;
}
